
Microsoft Visual Studio Solution File, Format Version 12.00
# Visual Studio Version 16
VisualStudioVersion = 16.0.29613.14
MinimumVisualStudioVersion = 10.0.40219.1
Project("{2150E333-8FDC-42A3-9474-1A3956D46DE8}") = "Web", "Web", "{D80E85FA-6F3F-4ADA-972F-BDB2AA68AE11}"
EndProject
Project("{2150E333-8FDC-42A3-9474-1A3956D46DE8}") = "SolutionItems", "SolutionItems", "{7DF200B1-FBCE-46C9-8E8B-C03159809F34}"
EndProject
Project("{2150E333-8FDC-42A3-9474-1A3956D46DE8}") = "Rest", "Rest", "{6570C8CF-DFA6-44A0-AD0A-86DF67D50309}"
	ProjectSection(SolutionItems) = preProject
		Rest\user.rest = Rest\user.rest
	EndProjectSection
EndProject
Project("{2150E333-8FDC-42A3-9474-1A3956D46DE8}") = "Scripts", "Scripts", "{5E3B454A-A329-4E43-BD8B-D2E69AF217C9}"
	ProjectSection(SolutionItems) = preProject
		scripts\renewDatabase.ps1 = scripts\renewDatabase.ps1
	EndProjectSection
EndProject
Project("{9A19103F-16F7-4668-BE54-9A1E7A4F7556}") = "QLector.Entities", "Web\QLector.Entities\QLector.Entities.csproj", "{8DF1E095-904F-4E73-83FE-3F5F49A004FC}"
EndProject
Project("{9A19103F-16F7-4668-BE54-9A1E7A4F7556}") = "QLector.Domain.Abstractions", "Web\QLector.Domain.Abstractions\QLector.Domain.Abstractions.csproj", "{F68DC68C-1D78-4CA9-85A2-7F5154DC5304}"
EndProject
Project("{9A19103F-16F7-4668-BE54-9A1E7A4F7556}") = "QLector.Domain", "Web\QLector.Domain\QLector.Domain.csproj", "{79CE87AD-897E-41EE-AE3D-93BB6ECF93A9}"
EndProject
Project("{9A19103F-16F7-4668-BE54-9A1E7A4F7556}") = "QLector.Security.EFStore", "Web\QLector.Security.EFStore\QLector.Security.EFStore.csproj", "{A0816AF7-0350-4743-B996-DAD014301C86}"
EndProject
Project("{9A19103F-16F7-4668-BE54-9A1E7A4F7556}") = "QLector.Security", "Web\QLector.Security\QLector.Security.csproj", "{AF9F6078-1CF9-4448-A0ED-D93B443E3272}"
EndProject
Project("{9A19103F-16F7-4668-BE54-9A1E7A4F7556}") = "QLector.DAL.EF", "Web\QLector.DAL.EF\QLector.DAL.EF.csproj", "{BD64BC85-8EFB-42B1-8C9B-ABF954046750}"
EndProject
Project("{9A19103F-16F7-4668-BE54-9A1E7A4F7556}") = "QLector.Application", "Web\QLector.Application\QLector.Application.csproj", "{2F73FE05-96FE-486D-81E4-4338018210F1}"
EndProject
Project("{9A19103F-16F7-4668-BE54-9A1E7A4F7556}") = "QLector.Api", "Web\QLector.Api\QLector.Api.csproj", "{B7482985-F065-40D7-8ECC-F2F7367C2D70}"
EndProject
Global
	GlobalSection(SolutionConfigurationPlatforms) = preSolution
		Debug|Any CPU = Debug|Any CPU
		Release|Any CPU = Release|Any CPU
	EndGlobalSection
	GlobalSection(ProjectConfigurationPlatforms) = postSolution
		{8DF1E095-904F-4E73-83FE-3F5F49A004FC}.Debug|Any CPU.ActiveCfg = Debug|Any CPU
		{8DF1E095-904F-4E73-83FE-3F5F49A004FC}.Debug|Any CPU.Build.0 = Debug|Any CPU
		{8DF1E095-904F-4E73-83FE-3F5F49A004FC}.Release|Any CPU.ActiveCfg = Release|Any CPU
		{8DF1E095-904F-4E73-83FE-3F5F49A004FC}.Release|Any CPU.Build.0 = Release|Any CPU
		{F68DC68C-1D78-4CA9-85A2-7F5154DC5304}.Debug|Any CPU.ActiveCfg = Debug|Any CPU
		{F68DC68C-1D78-4CA9-85A2-7F5154DC5304}.Debug|Any CPU.Build.0 = Debug|Any CPU
		{F68DC68C-1D78-4CA9-85A2-7F5154DC5304}.Release|Any CPU.ActiveCfg = Release|Any CPU
		{F68DC68C-1D78-4CA9-85A2-7F5154DC5304}.Release|Any CPU.Build.0 = Release|Any CPU
		{79CE87AD-897E-41EE-AE3D-93BB6ECF93A9}.Debug|Any CPU.ActiveCfg = Debug|Any CPU
		{79CE87AD-897E-41EE-AE3D-93BB6ECF93A9}.Debug|Any CPU.Build.0 = Debug|Any CPU
		{79CE87AD-897E-41EE-AE3D-93BB6ECF93A9}.Release|Any CPU.ActiveCfg = Release|Any CPU
		{79CE87AD-897E-41EE-AE3D-93BB6ECF93A9}.Release|Any CPU.Build.0 = Release|Any CPU
		{A0816AF7-0350-4743-B996-DAD014301C86}.Debug|Any CPU.ActiveCfg = Debug|Any CPU
		{A0816AF7-0350-4743-B996-DAD014301C86}.Debug|Any CPU.Build.0 = Debug|Any CPU
		{A0816AF7-0350-4743-B996-DAD014301C86}.Release|Any CPU.ActiveCfg = Release|Any CPU
		{A0816AF7-0350-4743-B996-DAD014301C86}.Release|Any CPU.Build.0 = Release|Any CPU
		{AF9F6078-1CF9-4448-A0ED-D93B443E3272}.Debug|Any CPU.ActiveCfg = Debug|Any CPU
		{AF9F6078-1CF9-4448-A0ED-D93B443E3272}.Debug|Any CPU.Build.0 = Debug|Any CPU
		{AF9F6078-1CF9-4448-A0ED-D93B443E3272}.Release|Any CPU.ActiveCfg = Release|Any CPU
		{AF9F6078-1CF9-4448-A0ED-D93B443E3272}.Release|Any CPU.Build.0 = Release|Any CPU
		{BD64BC85-8EFB-42B1-8C9B-ABF954046750}.Debug|Any CPU.ActiveCfg = Debug|Any CPU
		{BD64BC85-8EFB-42B1-8C9B-ABF954046750}.Debug|Any CPU.Build.0 = Debug|Any CPU
		{BD64BC85-8EFB-42B1-8C9B-ABF954046750}.Release|Any CPU.ActiveCfg = Release|Any CPU
		{BD64BC85-8EFB-42B1-8C9B-ABF954046750}.Release|Any CPU.Build.0 = Release|Any CPU
		{2F73FE05-96FE-486D-81E4-4338018210F1}.Debug|Any CPU.ActiveCfg = Debug|Any CPU
		{2F73FE05-96FE-486D-81E4-4338018210F1}.Debug|Any CPU.Build.0 = Debug|Any CPU
		{2F73FE05-96FE-486D-81E4-4338018210F1}.Release|Any CPU.ActiveCfg = Release|Any CPU
		{2F73FE05-96FE-486D-81E4-4338018210F1}.Release|Any CPU.Build.0 = Release|Any CPU
		{B7482985-F065-40D7-8ECC-F2F7367C2D70}.Debug|Any CPU.ActiveCfg = Debug|Any CPU
		{B7482985-F065-40D7-8ECC-F2F7367C2D70}.Debug|Any CPU.Build.0 = Debug|Any CPU
		{B7482985-F065-40D7-8ECC-F2F7367C2D70}.Release|Any CPU.ActiveCfg = Release|Any CPU
		{B7482985-F065-40D7-8ECC-F2F7367C2D70}.Release|Any CPU.Build.0 = Release|Any CPU
	EndGlobalSection
	GlobalSection(SolutionProperties) = preSolution
		HideSolutionNode = FALSE
	EndGlobalSection
	GlobalSection(NestedProjects) = preSolution
		{6570C8CF-DFA6-44A0-AD0A-86DF67D50309} = {7DF200B1-FBCE-46C9-8E8B-C03159809F34}
		{5E3B454A-A329-4E43-BD8B-D2E69AF217C9} = {7DF200B1-FBCE-46C9-8E8B-C03159809F34}
		{8DF1E095-904F-4E73-83FE-3F5F49A004FC} = {D80E85FA-6F3F-4ADA-972F-BDB2AA68AE11}
		{F68DC68C-1D78-4CA9-85A2-7F5154DC5304} = {D80E85FA-6F3F-4ADA-972F-BDB2AA68AE11}
		{79CE87AD-897E-41EE-AE3D-93BB6ECF93A9} = {D80E85FA-6F3F-4ADA-972F-BDB2AA68AE11}
		{A0816AF7-0350-4743-B996-DAD014301C86} = {D80E85FA-6F3F-4ADA-972F-BDB2AA68AE11}
		{AF9F6078-1CF9-4448-A0ED-D93B443E3272} = {D80E85FA-6F3F-4ADA-972F-BDB2AA68AE11}
		{BD64BC85-8EFB-42B1-8C9B-ABF954046750} = {D80E85FA-6F3F-4ADA-972F-BDB2AA68AE11}
		{2F73FE05-96FE-486D-81E4-4338018210F1} = {D80E85FA-6F3F-4ADA-972F-BDB2AA68AE11}
		{B7482985-F065-40D7-8ECC-F2F7367C2D70} = {D80E85FA-6F3F-4ADA-972F-BDB2AA68AE11}
	EndGlobalSection
	GlobalSection(ExtensibilityGlobals) = postSolution
		SolutionGuid = {AB2BAB9D-8172-4FA4-A40A-B10B5DA1F7B0}
	EndGlobalSection
EndGlobal
