
Microsoft Visual Studio Solution File, Format Version 12.00
# Visual Studio Version 16
VisualStudioVersion = 16.0.29613.14
MinimumVisualStudioVersion = 10.0.40219.1
Project("{2150E333-8FDC-42A3-9474-1A3956D46DE8}") = "SolutionItems", "SolutionItems", "{7DF200B1-FBCE-46C9-8E8B-C03159809F34}"
EndProject
Project("{2150E333-8FDC-42A3-9474-1A3956D46DE8}") = "Rest", "Rest", "{6570C8CF-DFA6-44A0-AD0A-86DF67D50309}"
	ProjectSection(SolutionItems) = preProject
		Rest\user.rest = Rest\user.rest
	EndProjectSection
EndProject
Project("{2150E333-8FDC-42A3-9474-1A3956D46DE8}") = "Scripts", "Scripts", "{5E3B454A-A329-4E43-BD8B-D2E69AF217C9}"
	ProjectSection(SolutionItems) = preProject
		scripts\renewDatabase.ps1 = scripts\renewDatabase.ps1
	EndProjectSection
EndProject
Project("{9A19103F-16F7-4668-BE54-9A1E7A4F7556}") = "QLector.Security", "src\QLector.Security\QLector.Security.csproj", "{AF9F6078-1CF9-4448-A0ED-D93B443E3272}"
EndProject
Project("{9A19103F-16F7-4668-BE54-9A1E7A4F7556}") = "QLector.DAL.EF", "src\QLector.DAL.EF\QLector.DAL.EF.csproj", "{BD64BC85-8EFB-42B1-8C9B-ABF954046750}"
EndProject
Project("{9A19103F-16F7-4668-BE54-9A1E7A4F7556}") = "QLector.Application", "src\QLector.Application\QLector.Application.csproj", "{2F73FE05-96FE-486D-81E4-4338018210F1}"
EndProject
Project("{9A19103F-16F7-4668-BE54-9A1E7A4F7556}") = "QLector.Api", "src\QLector.Api\QLector.Api.csproj", "{4117FDBF-1410-4A50-8F3C-634606D430F8}"
EndProject
Project("{9A19103F-16F7-4668-BE54-9A1E7A4F7556}") = "QLector.Application.Core", "src\QLector.Application.Core\QLector.Application.Core.csproj", "{2BBA9B02-0E56-4FEC-802E-FE69E939F8A3}"
EndProject
Project("{9A19103F-16F7-4668-BE54-9A1E7A4F7556}") = "QLector.Application.Core.Tests", "tests\QLector.Application.Core.Tests\QLector.Application.Core.Tests.csproj", "{BB91FCBB-B730-4B8E-8551-A09A0F081197}"
EndProject
Project("{9A19103F-16F7-4668-BE54-9A1E7A4F7556}") = "QLector.Domain.Core", "src\QLector.Domain.Core\QLector.Domain.Core.csproj", "{27F270A1-7F56-4A09-9DA0-C29A5B6CB813}"
EndProject
Project("{9A19103F-16F7-4668-BE54-9A1E7A4F7556}") = "QLector.Domain", "src\QLector.Domain\QLector.Domain.csproj", "{96307310-F07D-4B37-A1E9-20AF78DB12A4}"
EndProject
Project("{2150E333-8FDC-42A3-9474-1A3956D46DE8}") = "Tests", "Tests", "{7D35FB82-901D-4C38-9A06-3EEA5451EC07}"
EndProject
Global
	GlobalSection(SolutionConfigurationPlatforms) = preSolution
		Debug|Any CPU = Debug|Any CPU
		Debug|x86 = Debug|x86
		Release|Any CPU = Release|Any CPU
		Release|x86 = Release|x86
	EndGlobalSection
	GlobalSection(ProjectConfigurationPlatforms) = postSolution
		{AF9F6078-1CF9-4448-A0ED-D93B443E3272}.Debug|Any CPU.ActiveCfg = Debug|Any CPU
		{AF9F6078-1CF9-4448-A0ED-D93B443E3272}.Debug|Any CPU.Build.0 = Debug|Any CPU
		{AF9F6078-1CF9-4448-A0ED-D93B443E3272}.Debug|x86.ActiveCfg = Debug|Any CPU
		{AF9F6078-1CF9-4448-A0ED-D93B443E3272}.Debug|x86.Build.0 = Debug|Any CPU
		{AF9F6078-1CF9-4448-A0ED-D93B443E3272}.Release|Any CPU.ActiveCfg = Release|Any CPU
		{AF9F6078-1CF9-4448-A0ED-D93B443E3272}.Release|Any CPU.Build.0 = Release|Any CPU
		{AF9F6078-1CF9-4448-A0ED-D93B443E3272}.Release|x86.ActiveCfg = Release|Any CPU
		{AF9F6078-1CF9-4448-A0ED-D93B443E3272}.Release|x86.Build.0 = Release|Any CPU
		{BD64BC85-8EFB-42B1-8C9B-ABF954046750}.Debug|Any CPU.ActiveCfg = Debug|Any CPU
		{BD64BC85-8EFB-42B1-8C9B-ABF954046750}.Debug|Any CPU.Build.0 = Debug|Any CPU
		{BD64BC85-8EFB-42B1-8C9B-ABF954046750}.Debug|x86.ActiveCfg = Debug|Any CPU
		{BD64BC85-8EFB-42B1-8C9B-ABF954046750}.Debug|x86.Build.0 = Debug|Any CPU
		{BD64BC85-8EFB-42B1-8C9B-ABF954046750}.Release|Any CPU.ActiveCfg = Release|Any CPU
		{BD64BC85-8EFB-42B1-8C9B-ABF954046750}.Release|Any CPU.Build.0 = Release|Any CPU
		{BD64BC85-8EFB-42B1-8C9B-ABF954046750}.Release|x86.ActiveCfg = Release|Any CPU
		{BD64BC85-8EFB-42B1-8C9B-ABF954046750}.Release|x86.Build.0 = Release|Any CPU
		{2F73FE05-96FE-486D-81E4-4338018210F1}.Debug|Any CPU.ActiveCfg = Debug|Any CPU
		{2F73FE05-96FE-486D-81E4-4338018210F1}.Debug|Any CPU.Build.0 = Debug|Any CPU
		{2F73FE05-96FE-486D-81E4-4338018210F1}.Debug|x86.ActiveCfg = Debug|Any CPU
		{2F73FE05-96FE-486D-81E4-4338018210F1}.Debug|x86.Build.0 = Debug|Any CPU
		{2F73FE05-96FE-486D-81E4-4338018210F1}.Release|Any CPU.ActiveCfg = Release|Any CPU
		{2F73FE05-96FE-486D-81E4-4338018210F1}.Release|Any CPU.Build.0 = Release|Any CPU
		{2F73FE05-96FE-486D-81E4-4338018210F1}.Release|x86.ActiveCfg = Release|Any CPU
		{2F73FE05-96FE-486D-81E4-4338018210F1}.Release|x86.Build.0 = Release|Any CPU
		{4117FDBF-1410-4A50-8F3C-634606D430F8}.Debug|Any CPU.ActiveCfg = Debug|Any CPU
		{4117FDBF-1410-4A50-8F3C-634606D430F8}.Debug|Any CPU.Build.0 = Debug|Any CPU
		{4117FDBF-1410-4A50-8F3C-634606D430F8}.Debug|x86.ActiveCfg = Debug|Any CPU
		{4117FDBF-1410-4A50-8F3C-634606D430F8}.Debug|x86.Build.0 = Debug|Any CPU
		{4117FDBF-1410-4A50-8F3C-634606D430F8}.Release|Any CPU.ActiveCfg = Release|Any CPU
		{4117FDBF-1410-4A50-8F3C-634606D430F8}.Release|Any CPU.Build.0 = Release|Any CPU
		{4117FDBF-1410-4A50-8F3C-634606D430F8}.Release|x86.ActiveCfg = Release|Any CPU
		{4117FDBF-1410-4A50-8F3C-634606D430F8}.Release|x86.Build.0 = Release|Any CPU
		{2BBA9B02-0E56-4FEC-802E-FE69E939F8A3}.Debug|Any CPU.ActiveCfg = Debug|Any CPU
		{2BBA9B02-0E56-4FEC-802E-FE69E939F8A3}.Debug|Any CPU.Build.0 = Debug|Any CPU
		{2BBA9B02-0E56-4FEC-802E-FE69E939F8A3}.Debug|x86.ActiveCfg = Debug|Any CPU
		{2BBA9B02-0E56-4FEC-802E-FE69E939F8A3}.Debug|x86.Build.0 = Debug|Any CPU
		{2BBA9B02-0E56-4FEC-802E-FE69E939F8A3}.Release|Any CPU.ActiveCfg = Release|Any CPU
		{2BBA9B02-0E56-4FEC-802E-FE69E939F8A3}.Release|Any CPU.Build.0 = Release|Any CPU
		{2BBA9B02-0E56-4FEC-802E-FE69E939F8A3}.Release|x86.ActiveCfg = Release|Any CPU
		{2BBA9B02-0E56-4FEC-802E-FE69E939F8A3}.Release|x86.Build.0 = Release|Any CPU
		{BB91FCBB-B730-4B8E-8551-A09A0F081197}.Debug|Any CPU.ActiveCfg = Debug|Any CPU
		{BB91FCBB-B730-4B8E-8551-A09A0F081197}.Debug|Any CPU.Build.0 = Debug|Any CPU
		{BB91FCBB-B730-4B8E-8551-A09A0F081197}.Debug|x86.ActiveCfg = Debug|Any CPU
		{BB91FCBB-B730-4B8E-8551-A09A0F081197}.Debug|x86.Build.0 = Debug|Any CPU
		{BB91FCBB-B730-4B8E-8551-A09A0F081197}.Release|Any CPU.ActiveCfg = Release|Any CPU
		{BB91FCBB-B730-4B8E-8551-A09A0F081197}.Release|Any CPU.Build.0 = Release|Any CPU
		{BB91FCBB-B730-4B8E-8551-A09A0F081197}.Release|x86.ActiveCfg = Release|Any CPU
		{BB91FCBB-B730-4B8E-8551-A09A0F081197}.Release|x86.Build.0 = Release|Any CPU
		{27F270A1-7F56-4A09-9DA0-C29A5B6CB813}.Debug|Any CPU.ActiveCfg = Debug|Any CPU
		{27F270A1-7F56-4A09-9DA0-C29A5B6CB813}.Debug|Any CPU.Build.0 = Debug|Any CPU
		{27F270A1-7F56-4A09-9DA0-C29A5B6CB813}.Debug|x86.ActiveCfg = Debug|Any CPU
		{27F270A1-7F56-4A09-9DA0-C29A5B6CB813}.Debug|x86.Build.0 = Debug|Any CPU
		{27F270A1-7F56-4A09-9DA0-C29A5B6CB813}.Release|Any CPU.ActiveCfg = Release|Any CPU
		{27F270A1-7F56-4A09-9DA0-C29A5B6CB813}.Release|Any CPU.Build.0 = Release|Any CPU
		{27F270A1-7F56-4A09-9DA0-C29A5B6CB813}.Release|x86.ActiveCfg = Release|Any CPU
		{27F270A1-7F56-4A09-9DA0-C29A5B6CB813}.Release|x86.Build.0 = Release|Any CPU
		{96307310-F07D-4B37-A1E9-20AF78DB12A4}.Debug|Any CPU.ActiveCfg = Debug|Any CPU
		{96307310-F07D-4B37-A1E9-20AF78DB12A4}.Debug|Any CPU.Build.0 = Debug|Any CPU
		{96307310-F07D-4B37-A1E9-20AF78DB12A4}.Debug|x86.ActiveCfg = Debug|Any CPU
		{96307310-F07D-4B37-A1E9-20AF78DB12A4}.Debug|x86.Build.0 = Debug|Any CPU
		{96307310-F07D-4B37-A1E9-20AF78DB12A4}.Release|Any CPU.ActiveCfg = Release|Any CPU
		{96307310-F07D-4B37-A1E9-20AF78DB12A4}.Release|Any CPU.Build.0 = Release|Any CPU
		{96307310-F07D-4B37-A1E9-20AF78DB12A4}.Release|x86.ActiveCfg = Release|Any CPU
		{96307310-F07D-4B37-A1E9-20AF78DB12A4}.Release|x86.Build.0 = Release|Any CPU
	EndGlobalSection
	GlobalSection(SolutionProperties) = preSolution
		HideSolutionNode = FALSE
	EndGlobalSection
	GlobalSection(NestedProjects) = preSolution
		{6570C8CF-DFA6-44A0-AD0A-86DF67D50309} = {7DF200B1-FBCE-46C9-8E8B-C03159809F34}
		{5E3B454A-A329-4E43-BD8B-D2E69AF217C9} = {7DF200B1-FBCE-46C9-8E8B-C03159809F34}
		{BB91FCBB-B730-4B8E-8551-A09A0F081197} = {7D35FB82-901D-4C38-9A06-3EEA5451EC07}
	EndGlobalSection
	GlobalSection(ExtensibilityGlobals) = postSolution
		SolutionGuid = {AB2BAB9D-8172-4FA4-A40A-B10B5DA1F7B0}
	EndGlobalSection
EndGlobal
